
Microsoft Visual Studio Solution File, Format Version 12.00
# Visual Studio Version 16
VisualStudioVersion = 16.0.31515.178
MinimumVisualStudioVersion = 10.0.40219.1
Project("{FAE04EC0-301F-11D3-BF4B-00C04F79EFBC}") = "MiPrimeraAplicacion", "MiPrimeraAplicacion\MiPrimeraAplicacion.csproj", "{9891D730-4FE3-4C8F-9192-1025AE667CB1}"
EndProject
Global
	GlobalSection(SolutionConfigurationPlatforms) = preSolution
		Debug|Any CPU = Debug|Any CPU
		Release|Any CPU = Release|Any CPU
	EndGlobalSection
	GlobalSection(ProjectConfigurationPlatforms) = postSolution
		{9891D730-4FE3-4C8F-9192-1025AE667CB1}.Debug|Any CPU.ActiveCfg = Debug|Any CPU
		{9891D730-4FE3-4C8F-9192-1025AE667CB1}.Debug|Any CPU.Build.0 = Debug|Any CPU
		{9891D730-4FE3-4C8F-9192-1025AE667CB1}.Release|Any CPU.ActiveCfg = Release|Any CPU
		{9891D730-4FE3-4C8F-9192-1025AE667CB1}.Release|Any CPU.Build.0 = Release|Any CPU
	EndGlobalSection
	GlobalSection(SolutionProperties) = preSolution
		HideSolutionNode = FALSE
	EndGlobalSection
	GlobalSection(ExtensibilityGlobals) = postSolution
		SolutionGuid = {DD2A8405-2E18-4B5E-9F3A-1D7E2C4E17A5}
	EndGlobalSection
EndGlobal
